
Microsoft Visual Studio Solution File, Format Version 12.00
# Visual Studio Version 17
VisualStudioVersion = 17.12.35707.178 d17.12
MinimumVisualStudioVersion = 10.0.40219.1
Project("{FAE04EC0-301F-11D3-BF4B-00C04F79EFBC}") = "EXERCICIO_02_AT_C#_CAIO_RIBEIRO", "EXERCICIO_02_AT_C#_CAIO_RIBEIRO.csproj", "{68AA9CC3-3B8A-4C97-8370-577D81EFE3F1}"
EndProject
Global
	GlobalSection(SolutionConfigurationPlatforms) = preSolution
		Debug|Any CPU = Debug|Any CPU
		Release|Any CPU = Release|Any CPU
	EndGlobalSection
	GlobalSection(ProjectConfigurationPlatforms) = postSolution
		{68AA9CC3-3B8A-4C97-8370-577D81EFE3F1}.Debug|Any CPU.ActiveCfg = Debug|Any CPU
		{68AA9CC3-3B8A-4C97-8370-577D81EFE3F1}.Debug|Any CPU.Build.0 = Debug|Any CPU
		{68AA9CC3-3B8A-4C97-8370-577D81EFE3F1}.Release|Any CPU.ActiveCfg = Release|Any CPU
		{68AA9CC3-3B8A-4C97-8370-577D81EFE3F1}.Release|Any CPU.Build.0 = Release|Any CPU
	EndGlobalSection
	GlobalSection(SolutionProperties) = preSolution
		HideSolutionNode = FALSE
	EndGlobalSection
EndGlobal
